# This file is automatically @generated by Cargo.
# It is not intended for manual editing.
version = 3

[[package]]
name = "cryptoxide"
version = "0.3.3"
source = "registry+https://github.com/rust-lang/crates.io-index"
checksum = "b8c4fdc86023bc33b265f256ce8205329125b86c38a8a96e243a6a705b7230ec"

[[package]]
name = "rust-digital-signature"
version = "0.1.0"
dependencies = [
 "cryptoxide",
]
